
Microsoft Visual Studio Solution File, Format Version 12.00
Project("{2150E333-8FDC-42A3-9474-1A3956D46DE8}") = "src", "src", "{1BCEF193-964C-4637-8D9C-9461387ECAD1}"
EndProject
Project("{2150E333-8FDC-42A3-9474-1A3956D46DE8}") = "test", "test", "{382125CF-6074-45DC-8B8C-CEEECBCB96A1}"
EndProject
Project("{FAE04EC0-301F-11D3-BF4B-00C04F79EFBC}") = "Wang.Seamas.RBAC", "Wang.Seamas.RBAC\Wang.Seamas.RBAC.csproj", "{1511E57B-0554-4388-8CB0-1F82628EF973}"
EndProject
Project("{FAE04EC0-301F-11D3-BF4B-00C04F79EFBC}") = "WebApi", "WebApi\WebApi.csproj", "{63A1497C-18F1-48CB-B404-455568D5E12F}"
EndProject
Global
	GlobalSection(SolutionConfigurationPlatforms) = preSolution
		Debug|Any CPU = Debug|Any CPU
		Release|Any CPU = Release|Any CPU
	EndGlobalSection
	GlobalSection(ProjectConfigurationPlatforms) = postSolution
		{1511E57B-0554-4388-8CB0-1F82628EF973}.Debug|Any CPU.ActiveCfg = Debug|Any CPU
		{1511E57B-0554-4388-8CB0-1F82628EF973}.Debug|Any CPU.Build.0 = Debug|Any CPU
		{1511E57B-0554-4388-8CB0-1F82628EF973}.Release|Any CPU.ActiveCfg = Release|Any CPU
		{1511E57B-0554-4388-8CB0-1F82628EF973}.Release|Any CPU.Build.0 = Release|Any CPU
		{63A1497C-18F1-48CB-B404-455568D5E12F}.Debug|Any CPU.ActiveCfg = Debug|Any CPU
		{63A1497C-18F1-48CB-B404-455568D5E12F}.Debug|Any CPU.Build.0 = Debug|Any CPU
		{63A1497C-18F1-48CB-B404-455568D5E12F}.Release|Any CPU.ActiveCfg = Release|Any CPU
		{63A1497C-18F1-48CB-B404-455568D5E12F}.Release|Any CPU.Build.0 = Release|Any CPU
	EndGlobalSection
	GlobalSection(NestedProjects) = preSolution
		{1511E57B-0554-4388-8CB0-1F82628EF973} = {1BCEF193-964C-4637-8D9C-9461387ECAD1}
		{63A1497C-18F1-48CB-B404-455568D5E12F} = {382125CF-6074-45DC-8B8C-CEEECBCB96A1}
	EndGlobalSection
EndGlobal
